
Microsoft Visual Studio Solution File, Format Version 12.00
# Visual Studio Version 17
VisualStudioVersion = 17.11.35312.102
MinimumVisualStudioVersion = 10.0.40219.1
Project("{FAE04EC0-301F-11D3-BF4B-00C04F79EFBC}") = "Gym", "Gym.csproj", "{C5114BD5-1569-4847-931E-3855BE132489}"
EndProject
Global
	GlobalSection(SolutionConfigurationPlatforms) = preSolution
		Debug|Any CPU = Debug|Any CPU
		Release|Any CPU = Release|Any CPU
	EndGlobalSection
	GlobalSection(ProjectConfigurationPlatforms) = postSolution
		{C5114BD5-1569-4847-931E-3855BE132489}.Debug|Any CPU.ActiveCfg = Debug|Any CPU
		{C5114BD5-1569-4847-931E-3855BE132489}.Debug|Any CPU.Build.0 = Debug|Any CPU
		{C5114BD5-1569-4847-931E-3855BE132489}.Release|Any CPU.ActiveCfg = Release|Any CPU
		{C5114BD5-1569-4847-931E-3855BE132489}.Release|Any CPU.Build.0 = Release|Any CPU
	EndGlobalSection
	GlobalSection(SolutionProperties) = preSolution
		HideSolutionNode = FALSE
	EndGlobalSection
	GlobalSection(ExtensibilityGlobals) = postSolution
		SolutionGuid = {E36300FB-0035-4E24-A76A-A75E1730981D}
	EndGlobalSection
EndGlobal
